
Microsoft Visual Studio Solution File, Format Version 12.00
# Visual Studio 15
VisualStudioVersion = 15.0.28307.168
MinimumVisualStudioVersion = 10.0.40219.1
Project("{8BC9CEB8-8B4A-11D0-8D11-00A0C91BC942}") = "Metaprogramming", "Metaprogramming.vcxproj", "{10C6836B-7DE8-49C1-A7B0-3A1E1A5903E1}"
EndProject
Project("{8BC9CEB8-8B4A-11D0-8D11-00A0C91BC942}") = "Tuple test", "Tuple test\Tuple test.vcxproj", "{BFD358CC-DF2F-450A-BA20-14BA7C9DB7AE}"
EndProject
Global
	GlobalSection(SolutionConfigurationPlatforms) = preSolution
		Debug|x64 = Debug|x64
		Debug|x86 = Debug|x86
		Release|x64 = Release|x64
		Release|x86 = Release|x86
	EndGlobalSection
	GlobalSection(ProjectConfigurationPlatforms) = postSolution
		{10C6836B-7DE8-49C1-A7B0-3A1E1A5903E1}.Debug|x64.ActiveCfg = Debug|x64
		{10C6836B-7DE8-49C1-A7B0-3A1E1A5903E1}.Debug|x64.Build.0 = Debug|x64
		{10C6836B-7DE8-49C1-A7B0-3A1E1A5903E1}.Debug|x86.ActiveCfg = Debug|Win32
		{10C6836B-7DE8-49C1-A7B0-3A1E1A5903E1}.Debug|x86.Build.0 = Debug|Win32
		{10C6836B-7DE8-49C1-A7B0-3A1E1A5903E1}.Release|x64.ActiveCfg = Release|x64
		{10C6836B-7DE8-49C1-A7B0-3A1E1A5903E1}.Release|x64.Build.0 = Release|x64
		{10C6836B-7DE8-49C1-A7B0-3A1E1A5903E1}.Release|x86.ActiveCfg = Release|Win32
		{10C6836B-7DE8-49C1-A7B0-3A1E1A5903E1}.Release|x86.Build.0 = Release|Win32
		{BFD358CC-DF2F-450A-BA20-14BA7C9DB7AE}.Debug|x64.ActiveCfg = Debug|x64
		{BFD358CC-DF2F-450A-BA20-14BA7C9DB7AE}.Debug|x64.Build.0 = Debug|x64
		{BFD358CC-DF2F-450A-BA20-14BA7C9DB7AE}.Debug|x86.ActiveCfg = Debug|Win32
		{BFD358CC-DF2F-450A-BA20-14BA7C9DB7AE}.Debug|x86.Build.0 = Debug|Win32
		{BFD358CC-DF2F-450A-BA20-14BA7C9DB7AE}.Release|x64.ActiveCfg = Release|x64
		{BFD358CC-DF2F-450A-BA20-14BA7C9DB7AE}.Release|x64.Build.0 = Release|x64
		{BFD358CC-DF2F-450A-BA20-14BA7C9DB7AE}.Release|x86.ActiveCfg = Release|Win32
		{BFD358CC-DF2F-450A-BA20-14BA7C9DB7AE}.Release|x86.Build.0 = Release|Win32
	EndGlobalSection
	GlobalSection(SolutionProperties) = preSolution
		HideSolutionNode = FALSE
	EndGlobalSection
	GlobalSection(ExtensibilityGlobals) = postSolution
		SolutionGuid = {97A24879-15FA-4DED-BF5B-306C7C5912CE}
	EndGlobalSection
EndGlobal
