<?xml version="1.0" encoding="utf-8"?>
<Project ToolsVersion="4.0" xmlns="http://schemas.microsoft.com/developer/msbuild/2003">
  <ItemGroup>
    <Filter Include="Tuples">
      <UniqueIdentifier>{d4f2d79c-858a-4fa2-b27b-be81fc86ff75}</UniqueIdentifier>
    </Filter>
    <Filter Include="Meta">
      <UniqueIdentifier>{67DA6AB6-F800-4c08-8B7A-83BB121AAD01}</UniqueIdentifier>
      <Extensions>rc;ico;cur;bmp;dlg;rc2;rct;bin;rgs;gif;jpg;jpeg;jpe;resx;tiff;tif;png;wav;mfcribbon-ms</Extensions>
    </Filter>
  </ItemGroup>
  <ItemGroup>
    <ClInclude Include="Lists\List algorithms.h">
      <Filter>Meta</Filter>
    </ClInclude>
    <ClInclude Include="Lists\ListInterface.h">
      <Filter>Meta</Filter>
    </ClInclude>
    <ClInclude Include="Lists\Pair.h">
      <Filter>Meta</Filter>
    </ClInclude>
    <ClInclude Include="Lists\TypeList.h">
      <Filter>Meta</Filter>
    </ClInclude>
    <ClInclude Include="Lists\ValueList.h">
      <Filter>Meta</Filter>
    </ClInclude>
    <ClInclude Include="Lists\Tests.h">
      <Filter>Meta</Filter>
    </ClInclude>
    <ClInclude Include="Tuples\Tuple.h">
      <Filter>Tuples</Filter>
    </ClInclude>
    <ClInclude Include="Tuples\TupleImpl.hpp">
      <Filter>Tuples</Filter>
    </ClInclude>
    <ClInclude Include="Tuples\TupleElement.h">
      <Filter>Tuples</Filter>
    </ClInclude>
    <ClInclude Include="Tuples\TupleAlgorithms.h">
      <Filter>Tuples</Filter>
    </ClInclude>
    <ClInclude Include="Tuples\TupleUtilities.h">
      <Filter>Tuples</Filter>
    </ClInclude>
    <ClInclude Include="Lists\TypeFunctionsAndPredicates.h">
      <Filter>Meta</Filter>
    </ClInclude>
  </ItemGroup>
</Project>